
Microsoft Visual Studio Solution File, Format Version 12.00
# Visual Studio Version 17
VisualStudioVersion = 17.2.32616.157
MinimumVisualStudioVersion = 10.0.40219.1
Project("{9A19103F-16F7-4668-BE54-9A1E7A4F7556}") = "DatabaseAnonymizer", "DatabaseAnonymizer\DatabaseAnonymizer.csproj", "{4BD77079-A5A4-449E-900A-A4900640FC24}"
EndProject
Project("{9A19103F-16F7-4668-BE54-9A1E7A4F7556}") = "DataMasker", "DataMasker\DataMasker.csproj", "{1CD1AC5B-4A6D-4B3C-A6D4-B903AB125524}"
EndProject
Global
	GlobalSection(SolutionConfigurationPlatforms) = preSolution
		Debug|Any CPU = Debug|Any CPU
		Release|Any CPU = Release|Any CPU
	EndGlobalSection
	GlobalSection(ProjectConfigurationPlatforms) = postSolution
		{4BD77079-A5A4-449E-900A-A4900640FC24}.Debug|Any CPU.ActiveCfg = Debug|Any CPU
		{4BD77079-A5A4-449E-900A-A4900640FC24}.Debug|Any CPU.Build.0 = Debug|Any CPU
		{4BD77079-A5A4-449E-900A-A4900640FC24}.Release|Any CPU.ActiveCfg = Release|Any CPU
		{4BD77079-A5A4-449E-900A-A4900640FC24}.Release|Any CPU.Build.0 = Release|Any CPU
		{1CD1AC5B-4A6D-4B3C-A6D4-B903AB125524}.Debug|Any CPU.ActiveCfg = Debug|Any CPU
		{1CD1AC5B-4A6D-4B3C-A6D4-B903AB125524}.Debug|Any CPU.Build.0 = Debug|Any CPU
		{1CD1AC5B-4A6D-4B3C-A6D4-B903AB125524}.Release|Any CPU.ActiveCfg = Release|Any CPU
		{1CD1AC5B-4A6D-4B3C-A6D4-B903AB125524}.Release|Any CPU.Build.0 = Release|Any CPU
	EndGlobalSection
	GlobalSection(SolutionProperties) = preSolution
		HideSolutionNode = FALSE
	EndGlobalSection
	GlobalSection(ExtensibilityGlobals) = postSolution
		SolutionGuid = {599300C4-2C0D-4ABB-A91F-13CDD62244E3}
	EndGlobalSection
EndGlobal
